
Microsoft Visual Studio Solution File, Format Version 12.00
# Visual Studio Version 17
VisualStudioVersion = 17.9.34616.47
MinimumVisualStudioVersion = 10.0.40219.1
Project("{FAE04EC0-301F-11D3-BF4B-00C04F79EFBC}") = "Ventas", "Ventas.csproj", "{139E761B-5A70-4601-9A47-BBB260A5860D}"
EndProject
Global
	GlobalSection(SolutionConfigurationPlatforms) = preSolution
		Debug|Any CPU = Debug|Any CPU
		Release|Any CPU = Release|Any CPU
	EndGlobalSection
	GlobalSection(ProjectConfigurationPlatforms) = postSolution
		{139E761B-5A70-4601-9A47-BBB260A5860D}.Debug|Any CPU.ActiveCfg = Debug|Any CPU
		{139E761B-5A70-4601-9A47-BBB260A5860D}.Debug|Any CPU.Build.0 = Debug|Any CPU
		{139E761B-5A70-4601-9A47-BBB260A5860D}.Release|Any CPU.ActiveCfg = Release|Any CPU
		{139E761B-5A70-4601-9A47-BBB260A5860D}.Release|Any CPU.Build.0 = Release|Any CPU
	EndGlobalSection
	GlobalSection(SolutionProperties) = preSolution
		HideSolutionNode = FALSE
	EndGlobalSection
	GlobalSection(ExtensibilityGlobals) = postSolution
		SolutionGuid = {F353AF8F-D484-4C8A-8B27-7830B9F082CC}
	EndGlobalSection
EndGlobal
